
Microsoft Visual Studio Solution File, Format Version 12.00
# Visual Studio Version 17
VisualStudioVersion = 17.11.35312.102
MinimumVisualStudioVersion = 10.0.40219.1
Project("{FAE04EC0-301F-11D3-BF4B-00C04F79EFBC}") = "lab2", "lab2\lab2.csproj", "{54DF9E15-595A-4084-B8F3-FD0BCECEF3A3}"
EndProject
Global
	GlobalSection(SolutionConfigurationPlatforms) = preSolution
		Debug|Any CPU = Debug|Any CPU
		Release|Any CPU = Release|Any CPU
	EndGlobalSection
	GlobalSection(ProjectConfigurationPlatforms) = postSolution
		{54DF9E15-595A-4084-B8F3-FD0BCECEF3A3}.Debug|Any CPU.ActiveCfg = Debug|Any CPU
		{54DF9E15-595A-4084-B8F3-FD0BCECEF3A3}.Debug|Any CPU.Build.0 = Debug|Any CPU
		{54DF9E15-595A-4084-B8F3-FD0BCECEF3A3}.Release|Any CPU.ActiveCfg = Release|Any CPU
		{54DF9E15-595A-4084-B8F3-FD0BCECEF3A3}.Release|Any CPU.Build.0 = Release|Any CPU
	EndGlobalSection
	GlobalSection(SolutionProperties) = preSolution
		HideSolutionNode = FALSE
	EndGlobalSection
	GlobalSection(ExtensibilityGlobals) = postSolution
		SolutionGuid = {B04B7FA0-CE3B-492D-8087-A060DD0F9423}
	EndGlobalSection
EndGlobal
